// !$*UTF8*$!
{
	archiveVersion = 1;
	classes = {
	};
	objectVersion = 46;
	objects = {

/* Begin PBXBuildFile section */
		D64B09AE157420F700BA611F /* UIKit.framework in Frameworks */ = {isa = PBXBuildFile; fileRef = D64B09AD157420F700BA611F /* UIKit.framework */; };
		D64B09B0157420F700BA611F /* Foundation.framework in Frameworks */ = {isa = PBXBuildFile; fileRef = D64B09AF157420F700BA611F /* Foundation.framework */; };
		D64B09B2157420F700BA611F /* CoreGraphics.framework in Frameworks */ = {isa = PBXBuildFile; fileRef = D64B09B1157420F700BA611F /* CoreGraphics.framework */; };
		D64B09B8157420F700BA611F /* InfoPlist.strings in Resources */ = {isa = PBXBuildFile; fileRef = D64B09B6157420F700BA611F /* InfoPlist.strings */; };
		D64B09BA157420F700BA611F /* main.m in Sources */ = {isa = PBXBuildFile; fileRef = D64B09B9157420F700BA611F /* main.m */; };
		D64B09BE157420F700BA611F /* AppDelegate.m in Sources */ = {isa = PBXBuildFile; fileRef = D64B09BD157420F700BA611F /* AppDelegate.m */; };
		D64B09C1157420F700BA611F /* MainStoryboard.storyboard in Resources */ = {isa = PBXBuildFile; fileRef = D64B09BF157420F700BA611F /* MainStoryboard.storyboard */; };
		D64B09C4157420F700BA611F /* ViewController.m in Sources */ = {isa = PBXBuildFile; fileRef = D64B09C3157420F700BA611F /* ViewController.m */; };
		D64B09CC157420F700BA611F /* SenTestingKit.framework in Frameworks */ = {isa = PBXBuildFile; fileRef = D64B09CB157420F700BA611F /* SenTestingKit.framework */; };
		D64B09CD157420F700BA611F /* UIKit.framework in Frameworks */ = {isa = PBXBuildFile; fileRef = D64B09AD157420F700BA611F /* UIKit.framework */; };
		D64B09CE157420F700BA611F /* Foundation.framework in Frameworks */ = {isa = PBXBuildFile; fileRef = D64B09AF157420F700BA611F /* Foundation.framework */; };
		D64B09D6157420F700BA611F /* InfoPlist.strings in Resources */ = {isa = PBXBuildFile; fileRef = D64B09D4157420F700BA611F /* InfoPlist.strings */; };
		D64B09D9157420F700BA611F /* MyContactTests.m in Sources */ = {isa = PBXBuildFile; fileRef = D64B09D8157420F700BA611F /* MyContactTests.m */; };
		D64B09E8157425AD00BA611F /* Contact.m in Sources */ = {isa = PBXBuildFile; fileRef = D64B09E7157425AD00BA611F /* Contact.m */; };
		F686AB221579B70000FF2901 /* BaseEntity.m in Sources */ = {isa = PBXBuildFile; fileRef = F686AB211579B70000FF2901 /* BaseEntity.m */; };
		F6F4DE3E15744AEF00441EED /* Test in Resources */ = {isa = PBXBuildFile; fileRef = F6F4DE3D15744AEF00441EED /* Test */; };
		F6F4DE4115744B8800441EED /* NoCommit in Resources */ = {isa = PBXBuildFile; fileRef = F6F4DE4015744B8800441EED /* NoCommit */; };
/* End PBXBuildFile section */

/* Begin PBXContainerItemProxy section */
		D64B09CF157420F700BA611F /* PBXContainerItemProxy */ = {
			isa = PBXContainerItemProxy;
			containerPortal = D64B09A0157420F700BA611F /* Project object */;
			proxyType = 1;
			remoteGlobalIDString = D64B09A8157420F700BA611F;
			remoteInfo = MyContact;
		};
/* End PBXContainerItemProxy section */

/* Begin PBXFileReference section */
		D64B09A9157420F700BA611F /* MyContact.app */ = {isa = PBXFileReference; explicitFileType = wrapper.application; includeInIndex = 0; path = MyContact.app; sourceTree = BUILT_PRODUCTS_DIR; };
		D64B09AD157420F700BA611F /* UIKit.framework */ = {isa = PBXFileReference; lastKnownFileType = wrapper.framework; name = UIKit.framework; path = System/Library/Frameworks/UIKit.framework; sourceTree = SDKROOT; };
		D64B09AF157420F700BA611F /* Foundation.framework */ = {isa = PBXFileReference; lastKnownFileType = wrapper.framework; name = Foundation.framework; path = System/Library/Frameworks/Foundation.framework; sourceTree = SDKROOT; };
		D64B09B1157420F700BA611F /* CoreGraphics.framework */ = {isa = PBXFileReference; lastKnownFileType = wrapper.framework; name = CoreGraphics.framework; path = System/Library/Frameworks/CoreGraphics.framework; sourceTree = SDKROOT; };
		D64B09B5157420F700BA611F /* MyContact-Info.plist */ = {isa = PBXFileReference; lastKnownFileType = text.plist.xml; path = "MyContact-Info.plist"; sourceTree = "<group>"; };
		D64B09B7157420F700BA611F /* en */ = {isa = PBXFileReference; lastKnownFileType = text.plist.strings; name = en; path = en.lproj/InfoPlist.strings; sourceTree = "<group>"; };
		D64B09B9157420F700BA611F /* main.m */ = {isa = PBXFileReference; lastKnownFileType = sourcecode.c.objc; path = main.m; sourceTree = "<group>"; };
		D64B09BB157420F700BA611F /* MyContact-Prefix.pch */ = {isa = PBXFileReference; lastKnownFileType = sourcecode.c.h; path = "MyContact-Prefix.pch"; sourceTree = "<group>"; };
		D64B09BC157420F700BA611F /* AppDelegate.h */ = {isa = PBXFileReference; lastKnownFileType = sourcecode.c.h; path = AppDelegate.h; sourceTree = "<group>"; };
		D64B09BD157420F700BA611F /* AppDelegate.m */ = {isa = PBXFileReference; lastKnownFileType = sourcecode.c.objc; path = AppDelegate.m; sourceTree = "<group>"; };
		D64B09C0157420F700BA611F /* en */ = {isa = PBXFileReference; lastKnownFileType = file.storyboard; name = en; path = en.lproj/MainStoryboard.storyboard; sourceTree = "<group>"; };
		D64B09C2157420F700BA611F /* ViewController.h */ = {isa = PBXFileReference; lastKnownFileType = sourcecode.c.h; path = ViewController.h; sourceTree = "<group>"; };
		D64B09C3157420F700BA611F /* ViewController.m */ = {isa = PBXFileReference; lastKnownFileType = sourcecode.c.objc; path = ViewController.m; sourceTree = "<group>"; };
		D64B09CA157420F700BA611F /* MyContactTests.octest */ = {isa = PBXFileReference; explicitFileType = wrapper.cfbundle; includeInIndex = 0; path = MyContactTests.octest; sourceTree = BUILT_PRODUCTS_DIR; };
		D64B09CB157420F700BA611F /* SenTestingKit.framework */ = {isa = PBXFileReference; lastKnownFileType = wrapper.framework; name = SenTestingKit.framework; path = Library/Frameworks/SenTestingKit.framework; sourceTree = DEVELOPER_DIR; };
		D64B09D3157420F700BA611F /* MyContactTests-Info.plist */ = {isa = PBXFileReference; lastKnownFileType = text.plist.xml; path = "MyContactTests-Info.plist"; sourceTree = "<group>"; };
		D64B09D5157420F700BA611F /* en */ = {isa = PBXFileReference; lastKnownFileType = text.plist.strings; name = en; path = en.lproj/InfoPlist.strings; sourceTree = "<group>"; };
		D64B09D7157420F700BA611F /* MyContactTests.h */ = {isa = PBXFileReference; lastKnownFileType = sourcecode.c.h; path = MyContactTests.h; sourceTree = "<group>"; };
		D64B09D8157420F700BA611F /* MyContactTests.m */ = {isa = PBXFileReference; lastKnownFileType = sourcecode.c.objc; path = MyContactTests.m; sourceTree = "<group>"; };
		D64B09E6157425AD00BA611F /* Contact.h */ = {isa = PBXFileReference; fileEncoding = 4; lastKnownFileType = sourcecode.c.h; path = Contact.h; sourceTree = "<group>"; };
		D64B09E7157425AD00BA611F /* Contact.m */ = {isa = PBXFileReference; fileEncoding = 4; lastKnownFileType = sourcecode.c.objc; path = Contact.m; sourceTree = "<group>"; };
		F686AB201579B70000FF2901 /* BaseEntity.h */ = {isa = PBXFileReference; fileEncoding = 4; lastKnownFileType = sourcecode.c.h; path = BaseEntity.h; sourceTree = "<group>"; };
		F686AB211579B70000FF2901 /* BaseEntity.m */ = {isa = PBXFileReference; fileEncoding = 4; lastKnownFileType = sourcecode.c.objc; path = BaseEntity.m; sourceTree = "<group>"; };
		F6F4DE3D15744AEF00441EED /* Test */ = {isa = PBXFileReference; fileEncoding = 4; lastKnownFileType = text; path = Test; sourceTree = "<group>"; };
		F6F4DE4015744B8800441EED /* NoCommit */ = {isa = PBXFileReference; fileEncoding = 4; lastKnownFileType = text; path = NoCommit; sourceTree = "<group>"; };
/* End PBXFileReference section */

/* Begin PBXFrameworksBuildPhase section */
		D64B09A6157420F700BA611F /* Frameworks */ = {
			isa = PBXFrameworksBuildPhase;
			buildActionMask = 2147483647;
			files = (
				D64B09AE157420F700BA611F /* UIKit.framework in Frameworks */,
				D64B09B0157420F700BA611F /* Foundation.framework in Frameworks */,
				D64B09B2157420F700BA611F /* CoreGraphics.framework in Frameworks */,
			);
			runOnlyForDeploymentPostprocessing = 0;
		};
		D64B09C6157420F700BA611F /* Frameworks */ = {
			isa = PBXFrameworksBuildPhase;
			buildActionMask = 2147483647;
			files = (
				D64B09CC157420F700BA611F /* SenTestingKit.framework in Frameworks */,
				D64B09CD157420F700BA611F /* UIKit.framework in Frameworks */,
				D64B09CE157420F700BA611F /* Foundation.framework in Frameworks */,
			);
			runOnlyForDeploymentPostprocessing = 0;
		};
/* End PBXFrameworksBuildPhase section */

/* Begin PBXGroup section */
		D64B099E157420F700BA611F = {
			isa = PBXGroup;
			children = (
				D64B09B3157420F700BA611F /* MyContact */,
				D64B09D1157420F700BA611F /* MyContactTests */,
				D64B09AC157420F700BA611F /* Frameworks */,
				D64B09AA157420F700BA611F /* Products */,
			);
			sourceTree = "<group>";
		};
		D64B09AA157420F700BA611F /* Products */ = {
			isa = PBXGroup;
			children = (
				D64B09A9157420F700BA611F /* MyContact.app */,
				D64B09CA157420F700BA611F /* MyContactTests.octest */,
			);
			name = Products;
			sourceTree = "<group>";
		};
		D64B09AC157420F700BA611F /* Frameworks */ = {
			isa = PBXGroup;
			children = (
				D64B09AD157420F700BA611F /* UIKit.framework */,
				D64B09AF157420F700BA611F /* Foundation.framework */,
				D64B09B1157420F700BA611F /* CoreGraphics.framework */,
				D64B09CB157420F700BA611F /* SenTestingKit.framework */,
			);
			name = Frameworks;
			sourceTree = "<group>";
		};
		D64B09B3157420F700BA611F /* MyContact */ = {
			isa = PBXGroup;
			children = (
				D64B09BC157420F700BA611F /* AppDelegate.h */,
				D64B09BD157420F700BA611F /* AppDelegate.m */,
				D64B09BF157420F700BA611F /* MainStoryboard.storyboard */,
				D64B09C2157420F700BA611F /* ViewController.h */,
				D64B09C3157420F700BA611F /* ViewController.m */,
				D64B09B4157420F700BA611F /* Supporting Files */,
				D64B09EA157425B500BA611F /* Entity */,
				F6F4DE3D15744AEF00441EED /* Test */,
				F6F4DE4015744B8800441EED /* NoCommit */,
			);
			path = MyContact;
			sourceTree = "<group>";
		};
		D64B09B4157420F700BA611F /* Supporting Files */ = {
			isa = PBXGroup;
			children = (
				D64B09B5157420F700BA611F /* MyContact-Info.plist */,
				D64B09B6157420F700BA611F /* InfoPlist.strings */,
				D64B09B9157420F700BA611F /* main.m */,
				D64B09BB157420F700BA611F /* MyContact-Prefix.pch */,
			);
			name = "Supporting Files";
			sourceTree = "<group>";
		};
		D64B09D1157420F700BA611F /* MyContactTests */ = {
			isa = PBXGroup;
			children = (
				D64B09D7157420F700BA611F /* MyContactTests.h */,
				D64B09D8157420F700BA611F /* MyContactTests.m */,
				D64B09D2157420F700BA611F /* Supporting Files */,
			);
			path = MyContactTests;
			sourceTree = "<group>";
		};
		D64B09D2157420F700BA611F /* Supporting Files */ = {
			isa = PBXGroup;
			children = (
				D64B09D3157420F700BA611F /* MyContactTests-Info.plist */,
				D64B09D4157420F700BA611F /* InfoPlist.strings */,
			);
			name = "Supporting Files";
			sourceTree = "<group>";
		};
		D64B09EA157425B500BA611F /* Entity */ = {
			isa = PBXGroup;
			children = (
				F686AB201579B70000FF2901 /* BaseEntity.h */,
				F686AB211579B70000FF2901 /* BaseEntity.m */,
				D64B09E6157425AD00BA611F /* Contact.h */,
				D64B09E7157425AD00BA611F /* Contact.m */,
			);
			name = Entity;
			sourceTree = "<group>";
		};
/* End PBXGroup section */

/* Begin PBXNativeTarget section */
		D64B09A8157420F700BA611F /* MyContact */ = {
			isa = PBXNativeTarget;
			buildConfigurationList = D64B09DC157420F700BA611F /* Build configuration list for PBXNativeTarget "MyContact" */;
			buildPhases = (
				D64B09A5157420F700BA611F /* Sources */,
				D64B09A6157420F700BA611F /* Frameworks */,
				D64B09A7157420F700BA611F /* Resources */,
			);
			buildRules = (
			);
			dependencies = (
			);
			name = MyContact;
			productName = MyContact;
			productReference = D64B09A9157420F700BA611F /* MyContact.app */;
			productType = "com.apple.product-type.application";
		};
		D64B09C9157420F700BA611F /* MyContactTests */ = {
			isa = PBXNativeTarget;
			buildConfigurationList = D64B09DF157420F700BA611F /* Build configuration list for PBXNativeTarget "MyContactTests" */;
			buildPhases = (
				D64B09C5157420F700BA611F /* Sources */,
				D64B09C6157420F700BA611F /* Frameworks */,
				D64B09C7157420F700BA611F /* Resources */,
				D64B09C8157420F700BA611F /* ShellScript */,
			);
			buildRules = (
			);
			dependencies = (
				D64B09D0157420F700BA611F /* PBXTargetDependency */,
			);
			name = MyContactTests;
			productName = MyContactTests;
			productReference = D64B09CA157420F700BA611F /* MyContactTests.octest */;
			productType = "com.apple.product-type.bundle";
		};
/* End PBXNativeTarget section */

/* Begin PBXProject section */
		D64B09A0157420F700BA611F /* Project object */ = {
			isa = PBXProject;
			attributes = {
				LastUpgradeCheck = 0420;
				ORGANIZATIONNAME = "Carnegie Mellon University";
			};
			buildConfigurationList = D64B09A3157420F700BA611F /* Build configuration list for PBXProject "MyContact" */;
			compatibilityVersion = "Xcode 3.2";
			developmentRegion = English;
			hasScannedForEncodings = 0;
			knownRegions = (
				en,
			);
			mainGroup = D64B099E157420F700BA611F;
			productRefGroup = D64B09AA157420F700BA611F /* Products */;
			projectDirPath = "";
			projectRoot = "";
			targets = (
				D64B09A8157420F700BA611F /* MyContact */,
				D64B09C9157420F700BA611F /* MyContactTests */,
			);
		};
/* End PBXProject section */

/* Begin PBXResourcesBuildPhase section */
		D64B09A7157420F700BA611F /* Resources */ = {
			isa = PBXResourcesBuildPhase;
			buildActionMask = 2147483647;
			files = (
				D64B09B8157420F700BA611F /* InfoPlist.strings in Resources */,
				D64B09C1157420F700BA611F /* MainStoryboard.storyboard in Resources */,
				F6F4DE3E15744AEF00441EED /* Test in Resources */,
				F6F4DE4115744B8800441EED /* NoCommit in Resources */,
			);
			runOnlyForDeploymentPostprocessing = 0;
		};
		D64B09C7157420F700BA611F /* Resources */ = {
			isa = PBXResourcesBuildPhase;
			buildActionMask = 2147483647;
			files = (
				D64B09D6157420F700BA611F /* InfoPlist.strings in Resources */,
			);
			runOnlyForDeploymentPostprocessing = 0;
		};
/* End PBXResourcesBuildPhase section */

/* Begin PBXShellScriptBuildPhase section */
		D64B09C8157420F700BA611F /* ShellScript */ = {
			isa = PBXShellScriptBuildPhase;
			buildActionMask = 2147483647;
			files = (
			);
			inputPaths = (
			);
			outputPaths = (
			);
			runOnlyForDeploymentPostprocessing = 0;
			shellPath = /bin/sh;
			shellScript = "# Run the unit tests in this test bundle.\n\"${SYSTEM_DEVELOPER_DIR}/Tools/RunUnitTests\"\n";
		};
/* End PBXShellScriptBuildPhase section */

/* Begin PBXSourcesBuildPhase section */
		D64B09A5157420F700BA611F /* Sources */ = {
			isa = PBXSourcesBuildPhase;
			buildActionMask = 2147483647;
			files = (
				D64B09BA157420F700BA611F /* main.m in Sources */,
				D64B09BE157420F700BA611F /* AppDelegate.m in Sources */,
				D64B09C4157420F700BA611F /* ViewController.m in Sources */,
				D64B09E8157425AD00BA611F /* Contact.m in Sources */,
				F686AB221579B70000FF2901 /* BaseEntity.m in Sources */,
			);
			runOnlyForDeploymentPostprocessing = 0;
		};
		D64B09C5157420F700BA611F /* Sources */ = {
			isa = PBXSourcesBuildPhase;
			buildActionMask = 2147483647;
			files = (
				D64B09D9157420F700BA611F /* MyContactTests.m in Sources */,
			);
			runOnlyForDeploymentPostprocessing = 0;
		};
/* End PBXSourcesBuildPhase section */

/* Begin PBXTargetDependency section */
		D64B09D0157420F700BA611F /* PBXTargetDependency */ = {
			isa = PBXTargetDependency;
			target = D64B09A8157420F700BA611F /* MyContact */;
			targetProxy = D64B09CF157420F700BA611F /* PBXContainerItemProxy */;
		};
/* End PBXTargetDependency section */

/* Begin PBXVariantGroup section */
		D64B09B6157420F700BA611F /* InfoPlist.strings */ = {
			isa = PBXVariantGroup;
			children = (
				D64B09B7157420F700BA611F /* en */,
			);
			name = InfoPlist.strings;
			sourceTree = "<group>";
		};
		D64B09BF157420F700BA611F /* MainStoryboard.storyboard */ = {
			isa = PBXVariantGroup;
			children = (
				D64B09C0157420F700BA611F /* en */,
			);
			name = MainStoryboard.storyboard;
			sourceTree = "<group>";
		};
		D64B09D4157420F700BA611F /* InfoPlist.strings */ = {
			isa = PBXVariantGroup;
			children = (
				D64B09D5157420F700BA611F /* en */,
			);
			name = InfoPlist.strings;
			sourceTree = "<group>";
		};
/* End PBXVariantGroup section */

/* Begin XCBuildConfiguration section */
		D64B09DA157420F700BA611F /* Debug */ = {
			isa = XCBuildConfiguration;
			buildSettings = {
				ALWAYS_SEARCH_USER_PATHS = NO;
				ARCHS = "$(ARCHS_STANDARD_32_BIT)";
				CLANG_ENABLE_OBJC_ARC = YES;
				"CODE_SIGN_IDENTITY[sdk=iphoneos*]" = "iPhone Developer";
				COPY_PHASE_STRIP = NO;
				GCC_C_LANGUAGE_STANDARD = gnu99;
				GCC_DYNAMIC_NO_PIC = NO;
				GCC_OPTIMIZATION_LEVEL = 0;
				GCC_PREPROCESSOR_DEFINITIONS = (
					"DEBUG=1",
					"$(inherited)",
				);
				GCC_SYMBOLS_PRIVATE_EXTERN = NO;
				GCC_VERSION = com.apple.compilers.llvm.clang.1_0;
				GCC_WARN_ABOUT_MISSING_PROTOTYPES = YES;
				GCC_WARN_ABOUT_RETURN_TYPE = YES;
				GCC_WARN_UNUSED_VARIABLE = YES;
				IPHONEOS_DEPLOYMENT_TARGET = 5.0;
				SDKROOT = iphoneos;
			};
			name = Debug;
		};
		D64B09DB157420F700BA611F /* Release */ = {
			isa = XCBuildConfiguration;
			buildSettings = {
				ALWAYS_SEARCH_USER_PATHS = NO;
				ARCHS = "$(ARCHS_STANDARD_32_BIT)";
				CLANG_ENABLE_OBJC_ARC = YES;
				"CODE_SIGN_IDENTITY[sdk=iphoneos*]" = "iPhone Developer";
				COPY_PHASE_STRIP = YES;
				GCC_C_LANGUAGE_STANDARD = gnu99;
				GCC_VERSION = com.apple.compilers.llvm.clang.1_0;
				GCC_WARN_ABOUT_MISSING_PROTOTYPES = YES;
				GCC_WARN_ABOUT_RETURN_TYPE = YES;
				GCC_WARN_UNUSED_VARIABLE = YES;
				IPHONEOS_DEPLOYMENT_TARGET = 5.0;
				OTHER_CFLAGS = "-DNS_BLOCK_ASSERTIONS=1";
				SDKROOT = iphoneos;
				VALIDATE_PRODUCT = YES;
			};
			name = Release;
		};
		D64B09DD157420F700BA611F /* Debug */ = {
			isa = XCBuildConfiguration;
			buildSettings = {
				GCC_PRECOMPILE_PREFIX_HEADER = YES;
				GCC_PREFIX_HEADER = "MyContact/MyContact-Prefix.pch";
				INFOPLIST_FILE = "MyContact/MyContact-Info.plist";
				PRODUCT_NAME = "$(TARGET_NAME)";
				WRAPPER_EXTENSION = app;
			};
			name = Debug;
		};
		D64B09DE157420F700BA611F /* Release */ = {
			isa = XCBuildConfiguration;
			buildSettings = {
				GCC_PRECOMPILE_PREFIX_HEADER = YES;
				GCC_PREFIX_HEADER = "MyContact/MyContact-Prefix.pch";
				INFOPLIST_FILE = "MyContact/MyContact-Info.plist";
				PRODUCT_NAME = "$(TARGET_NAME)";
				WRAPPER_EXTENSION = app;
			};
			name = Release;
		};
		D64B09E0157420F700BA611F /* Debug */ = {
			isa = XCBuildConfiguration;
			buildSettings = {
				BUNDLE_LOADER = "$(BUILT_PRODUCTS_DIR)/MyContact.app/MyContact";
				FRAMEWORK_SEARCH_PATHS = (
					"$(SDKROOT)/Developer/Library/Frameworks",
					"$(DEVELOPER_LIBRARY_DIR)/Frameworks",
				);
				GCC_PRECOMPILE_PREFIX_HEADER = YES;
				GCC_PREFIX_HEADER = "MyContact/MyContact-Prefix.pch";
				INFOPLIST_FILE = "MyContactTests/MyContactTests-Info.plist";
				PRODUCT_NAME = "$(TARGET_NAME)";
				TEST_HOST = "$(BUNDLE_LOADER)";
				WRAPPER_EXTENSION = octest;
			};
			name = Debug;
		};
		D64B09E1157420F700BA611F /* Release */ = {
			isa = XCBuildConfiguration;
			buildSettings = {
				BUNDLE_LOADER = "$(BUILT_PRODUCTS_DIR)/MyContact.app/MyContact";
				FRAMEWORK_SEARCH_PATHS = (
					"$(SDKROOT)/Developer/Library/Frameworks",
					"$(DEVELOPER_LIBRARY_DIR)/Frameworks",
				);
				GCC_PRECOMPILE_PREFIX_HEADER = YES;
				GCC_PREFIX_HEADER = "MyContact/MyContact-Prefix.pch";
				INFOPLIST_FILE = "MyContactTests/MyContactTests-Info.plist";
				PRODUCT_NAME = "$(TARGET_NAME)";
				TEST_HOST = "$(BUNDLE_LOADER)";
				WRAPPER_EXTENSION = octest;
			};
			name = Release;
		};
/* End XCBuildConfiguration section */

/* Begin XCConfigurationList section */
		D64B09A3157420F700BA611F /* Build configuration list for PBXProject "MyContact" */ = {
			isa = XCConfigurationList;
			buildConfigurations = (
				D64B09DA157420F700BA611F /* Debug */,
				D64B09DB157420F700BA611F /* Release */,
			);
			defaultConfigurationIsVisible = 0;
			defaultConfigurationName = Release;
		};
		D64B09DC157420F700BA611F /* Build configuration list for PBXNativeTarget "MyContact" */ = {
			isa = XCConfigurationList;
			buildConfigurations = (
				D64B09DD157420F700BA611F /* Debug */,
				D64B09DE157420F700BA611F /* Release */,
			);
			defaultConfigurationIsVisible = 0;
			defaultConfigurationName = Release;
		};
		D64B09DF157420F700BA611F /* Build configuration list for PBXNativeTarget "MyContactTests" */ = {
			isa = XCConfigurationList;
			buildConfigurations = (
				D64B09E0157420F700BA611F /* Debug */,
				D64B09E1157420F700BA611F /* Release */,
			);
			defaultConfigurationIsVisible = 0;
			defaultConfigurationName = Release;
		};
/* End XCConfigurationList section */
	};
	rootObject = D64B09A0157420F700BA611F /* Project object */;
}
